
Microsoft Visual Studio Solution File, Format Version 12.00
# Visual Studio Version 16
VisualStudioVersion = 16.0.30114.105
MinimumVisualStudioVersion = 10.0.40219.1
Project("{FAE04EC0-301F-11D3-BF4B-00C04F79EFBC}") = "BowlingGameService", "BowlingGameService\BowlingGameService.csproj", "{A73DA727-049E-41EE-8BA7-3CCB47E3EC41}"
EndProject
Project("{FAE04EC0-301F-11D3-BF4B-00C04F79EFBC}") = "BowlingGameService.Tests", "BowlingGameService.Tests\BowlingGameService.Tests.csproj", "{6FCC2E38-68FE-47DD-83C1-2E548BCA4DB7}"
EndProject
Global
	GlobalSection(SolutionConfigurationPlatforms) = preSolution
		Debug|Any CPU = Debug|Any CPU
		Release|Any CPU = Release|Any CPU
	EndGlobalSection
	GlobalSection(SolutionProperties) = preSolution
		HideSolutionNode = FALSE
	EndGlobalSection
	GlobalSection(ProjectConfigurationPlatforms) = postSolution
		{A73DA727-049E-41EE-8BA7-3CCB47E3EC41}.Debug|Any CPU.ActiveCfg = Debug|Any CPU
		{A73DA727-049E-41EE-8BA7-3CCB47E3EC41}.Debug|Any CPU.Build.0 = Debug|Any CPU
		{A73DA727-049E-41EE-8BA7-3CCB47E3EC41}.Release|Any CPU.ActiveCfg = Release|Any CPU
		{A73DA727-049E-41EE-8BA7-3CCB47E3EC41}.Release|Any CPU.Build.0 = Release|Any CPU
		{6FCC2E38-68FE-47DD-83C1-2E548BCA4DB7}.Debug|Any CPU.ActiveCfg = Debug|Any CPU
		{6FCC2E38-68FE-47DD-83C1-2E548BCA4DB7}.Debug|Any CPU.Build.0 = Debug|Any CPU
		{6FCC2E38-68FE-47DD-83C1-2E548BCA4DB7}.Release|Any CPU.ActiveCfg = Release|Any CPU
		{6FCC2E38-68FE-47DD-83C1-2E548BCA4DB7}.Release|Any CPU.Build.0 = Release|Any CPU
	EndGlobalSection
EndGlobal
